
Microsoft Visual Studio Solution File, Format Version 12.00
# Visual Studio Version 17
Project("{8BC9CEB8-8B4A-11D0-8D11-00A0C91BC942}") = "Unit Tests", "Unit Tests\Unit Tests.vcxproj", "{B8EEDAB3-A4A6-1C01-0DAE-F55CF984B7F1}"
EndProject
Project("{2150E333-8FDC-42A3-9474-1A3956D46DE8}") = "Core", "Core", "{15A0C35D-0158-05AB-6A5F-DE065636A09B}"
EndProject
Project("{8BC9CEB8-8B4A-11D0-8D11-00A0C91BC942}") = "BWindow", "core\window\BWindow.vcxproj", "{9F2CDEAE-0B0C-5D4A-1424-E8208082C3AB}"
EndProject
Project("{2150E333-8FDC-42A3-9474-1A3956D46DE8}") = "Debug", "Debug", "{D3FD4316-3FB3-BC0B-C8A7-B6E2345CB30F}"
EndProject
Project("{8BC9CEB8-8B4A-11D0-8D11-00A0C91BC942}") = "BLogger", "core\debug\logger\BLogger.vcxproj", "{87359E95-F314-1D31-FC2C-A807688B8392}"
EndProject
Project("{8BC9CEB8-8B4A-11D0-8D11-00A0C91BC942}") = "BProfiler", "core\debug\profiler\BProfiler.vcxproj", "{0A0F9120-7679-4597-BFB7-F63C2B6123EC}"
EndProject
Project("{2150E333-8FDC-42A3-9474-1A3956D46DE8}") = "Dependencies", "Dependencies", "{53E47842-3FC8-3998-A828-34EB942B241A}"
EndProject
Project("{8BC9CEB8-8B4A-11D0-8D11-00A0C91BC942}") = "GLFW", "dependencies\GLFW\GLFW.vcxproj", "{154B857C-0182-860D-AA6E-6C109684020F}"
EndProject
Project("{2150E333-8FDC-42A3-9474-1A3956D46DE8}") = "Graphics", "Graphics", "{7DDA5F49-69A8-534F-523C-C4753EA92FB4}"
EndProject
Project("{8BC9CEB8-8B4A-11D0-8D11-00A0C91BC942}") = "BDirectX", "graphics\directx\BDirectX.vcxproj", "{7AF959D4-66C6-B4DF-8FDF-A2877B0BEA6D}"
EndProject
Project("{8BC9CEB8-8B4A-11D0-8D11-00A0C91BC942}") = "BVulkan", "graphics\vulkan\BVulkan.vcxproj", "{382D61AD-A40C-E048-AD24-6B1F198346AA}"
EndProject
Global
	GlobalSection(SolutionConfigurationPlatforms) = preSolution
		Debug|x64 = Debug|x64
		Dist|x64 = Dist|x64
		Release|x64 = Release|x64
	EndGlobalSection
	GlobalSection(ProjectConfigurationPlatforms) = postSolution
		{B8EEDAB3-A4A6-1C01-0DAE-F55CF984B7F1}.Debug|x64.ActiveCfg = Debug|x64
		{B8EEDAB3-A4A6-1C01-0DAE-F55CF984B7F1}.Debug|x64.Build.0 = Debug|x64
		{B8EEDAB3-A4A6-1C01-0DAE-F55CF984B7F1}.Dist|x64.ActiveCfg = Dist|x64
		{B8EEDAB3-A4A6-1C01-0DAE-F55CF984B7F1}.Dist|x64.Build.0 = Dist|x64
		{B8EEDAB3-A4A6-1C01-0DAE-F55CF984B7F1}.Release|x64.ActiveCfg = Release|x64
		{B8EEDAB3-A4A6-1C01-0DAE-F55CF984B7F1}.Release|x64.Build.0 = Release|x64
		{9F2CDEAE-0B0C-5D4A-1424-E8208082C3AB}.Debug|x64.ActiveCfg = Debug|x64
		{9F2CDEAE-0B0C-5D4A-1424-E8208082C3AB}.Debug|x64.Build.0 = Debug|x64
		{9F2CDEAE-0B0C-5D4A-1424-E8208082C3AB}.Dist|x64.ActiveCfg = Dist|x64
		{9F2CDEAE-0B0C-5D4A-1424-E8208082C3AB}.Dist|x64.Build.0 = Dist|x64
		{9F2CDEAE-0B0C-5D4A-1424-E8208082C3AB}.Release|x64.ActiveCfg = Release|x64
		{9F2CDEAE-0B0C-5D4A-1424-E8208082C3AB}.Release|x64.Build.0 = Release|x64
		{87359E95-F314-1D31-FC2C-A807688B8392}.Debug|x64.ActiveCfg = Debug|x64
		{87359E95-F314-1D31-FC2C-A807688B8392}.Debug|x64.Build.0 = Debug|x64
		{87359E95-F314-1D31-FC2C-A807688B8392}.Dist|x64.ActiveCfg = Dist|x64
		{87359E95-F314-1D31-FC2C-A807688B8392}.Dist|x64.Build.0 = Dist|x64
		{87359E95-F314-1D31-FC2C-A807688B8392}.Release|x64.ActiveCfg = Release|x64
		{87359E95-F314-1D31-FC2C-A807688B8392}.Release|x64.Build.0 = Release|x64
		{0A0F9120-7679-4597-BFB7-F63C2B6123EC}.Debug|x64.ActiveCfg = Debug|x64
		{0A0F9120-7679-4597-BFB7-F63C2B6123EC}.Debug|x64.Build.0 = Debug|x64
		{0A0F9120-7679-4597-BFB7-F63C2B6123EC}.Dist|x64.ActiveCfg = Dist|x64
		{0A0F9120-7679-4597-BFB7-F63C2B6123EC}.Dist|x64.Build.0 = Dist|x64
		{0A0F9120-7679-4597-BFB7-F63C2B6123EC}.Release|x64.ActiveCfg = Release|x64
		{0A0F9120-7679-4597-BFB7-F63C2B6123EC}.Release|x64.Build.0 = Release|x64
		{154B857C-0182-860D-AA6E-6C109684020F}.Debug|x64.ActiveCfg = Debug|x64
		{154B857C-0182-860D-AA6E-6C109684020F}.Debug|x64.Build.0 = Debug|x64
		{154B857C-0182-860D-AA6E-6C109684020F}.Dist|x64.ActiveCfg = Dist|x64
		{154B857C-0182-860D-AA6E-6C109684020F}.Dist|x64.Build.0 = Dist|x64
		{154B857C-0182-860D-AA6E-6C109684020F}.Release|x64.ActiveCfg = Release|x64
		{154B857C-0182-860D-AA6E-6C109684020F}.Release|x64.Build.0 = Release|x64
		{7AF959D4-66C6-B4DF-8FDF-A2877B0BEA6D}.Debug|x64.ActiveCfg = Debug|x64
		{7AF959D4-66C6-B4DF-8FDF-A2877B0BEA6D}.Debug|x64.Build.0 = Debug|x64
		{7AF959D4-66C6-B4DF-8FDF-A2877B0BEA6D}.Dist|x64.ActiveCfg = Dist|x64
		{7AF959D4-66C6-B4DF-8FDF-A2877B0BEA6D}.Dist|x64.Build.0 = Dist|x64
		{7AF959D4-66C6-B4DF-8FDF-A2877B0BEA6D}.Release|x64.ActiveCfg = Release|x64
		{7AF959D4-66C6-B4DF-8FDF-A2877B0BEA6D}.Release|x64.Build.0 = Release|x64
		{382D61AD-A40C-E048-AD24-6B1F198346AA}.Debug|x64.ActiveCfg = Debug|x64
		{382D61AD-A40C-E048-AD24-6B1F198346AA}.Debug|x64.Build.0 = Debug|x64
		{382D61AD-A40C-E048-AD24-6B1F198346AA}.Dist|x64.ActiveCfg = Dist|x64
		{382D61AD-A40C-E048-AD24-6B1F198346AA}.Dist|x64.Build.0 = Dist|x64
		{382D61AD-A40C-E048-AD24-6B1F198346AA}.Release|x64.ActiveCfg = Release|x64
		{382D61AD-A40C-E048-AD24-6B1F198346AA}.Release|x64.Build.0 = Release|x64
	EndGlobalSection
	GlobalSection(SolutionProperties) = preSolution
		HideSolutionNode = FALSE
	EndGlobalSection
	GlobalSection(NestedProjects) = preSolution
		{9F2CDEAE-0B0C-5D4A-1424-E8208082C3AB} = {15A0C35D-0158-05AB-6A5F-DE065636A09B}
		{87359E95-F314-1D31-FC2C-A807688B8392} = {D3FD4316-3FB3-BC0B-C8A7-B6E2345CB30F}
		{0A0F9120-7679-4597-BFB7-F63C2B6123EC} = {D3FD4316-3FB3-BC0B-C8A7-B6E2345CB30F}
		{154B857C-0182-860D-AA6E-6C109684020F} = {53E47842-3FC8-3998-A828-34EB942B241A}
		{7AF959D4-66C6-B4DF-8FDF-A2877B0BEA6D} = {7DDA5F49-69A8-534F-523C-C4753EA92FB4}
		{382D61AD-A40C-E048-AD24-6B1F198346AA} = {7DDA5F49-69A8-534F-523C-C4753EA92FB4}
	EndGlobalSection
EndGlobal
